
Microsoft Visual Studio Solution File, Format Version 12.00
Project("{FAE04EC0-301F-11D3-BF4B-00C04F79EFBC}") = "Cms", "src\Cms\Cms.csproj", "{ACF94492-31F1-470D-977D-E4E0C62807EC}"
EndProject
Project("{2150E333-8FDC-42A3-9474-1A3956D46DE8}") = "tests", "tests", "{136E0164-2163-4D41-BFDB-4462D6ED02C0}"
EndProject
Project("{FAE04EC0-301F-11D3-BF4B-00C04F79EFBC}") = "Api.Unit.Tests", "tests\Api.Unit.Tests\Api.Unit.Tests.csproj", "{0E7C4D8F-F48E-41D5-843E-694517B89B3D}"
EndProject
Project("{2150E333-8FDC-42A3-9474-1A3956D46DE8}") = "build", "build", "{41DEB0DF-FB59-4BBF-92F9-E35AB4A1C982}"
ProjectSection(SolutionItems) = preProject
	build.cake = build.cake
EndProjectSection
EndProject
Project("{FAE04EC0-301F-11D3-BF4B-00C04F79EFBC}") = "Countries", "src\Countries\Countries.csproj", "{08DFD071-90B7-40C2-A576-E3FD34C6B0FD}"
EndProject
Project("{FAE04EC0-301F-11D3-BF4B-00C04F79EFBC}") = "WorldBank.Models", "src\WorldBank.Models\WorldBank.Models.csproj", "{EB31A157-778A-439B-A04B-A8A54FDCB0A6}"
EndProject
Project("{FAE04EC0-301F-11D3-BF4B-00C04F79EFBC}") = "Countries.Unit.Tests", "tests\Countries.Unit.Tests\Countries.Unit.Tests.csproj", "{0BD74C1E-FE5A-47B4-A356-9484DBAC2D8A}"
EndProject
Project("{FAE04EC0-301F-11D3-BF4B-00C04F79EFBC}") = "WorldBank.Models.Tests", "tests\WorldBank.Models.Tests\WorldBank.Models.Tests.csproj", "{09E8BD3E-610E-48C2-87FD-1D91BE860D24}"
EndProject
Global
	GlobalSection(SolutionConfigurationPlatforms) = preSolution
		Debug|Any CPU = Debug|Any CPU
		Release|Any CPU = Release|Any CPU
	EndGlobalSection
	GlobalSection(ProjectConfigurationPlatforms) = postSolution
		{ACF94492-31F1-470D-977D-E4E0C62807EC}.Debug|Any CPU.ActiveCfg = Debug|Any CPU
		{ACF94492-31F1-470D-977D-E4E0C62807EC}.Debug|Any CPU.Build.0 = Debug|Any CPU
		{ACF94492-31F1-470D-977D-E4E0C62807EC}.Release|Any CPU.ActiveCfg = Release|Any CPU
		{ACF94492-31F1-470D-977D-E4E0C62807EC}.Release|Any CPU.Build.0 = Release|Any CPU
		{0E7C4D8F-F48E-41D5-843E-694517B89B3D}.Debug|Any CPU.ActiveCfg = Debug|Any CPU
		{0E7C4D8F-F48E-41D5-843E-694517B89B3D}.Debug|Any CPU.Build.0 = Debug|Any CPU
		{0E7C4D8F-F48E-41D5-843E-694517B89B3D}.Release|Any CPU.ActiveCfg = Release|Any CPU
		{0E7C4D8F-F48E-41D5-843E-694517B89B3D}.Release|Any CPU.Build.0 = Release|Any CPU
		{08DFD071-90B7-40C2-A576-E3FD34C6B0FD}.Debug|Any CPU.ActiveCfg = Debug|Any CPU
		{08DFD071-90B7-40C2-A576-E3FD34C6B0FD}.Debug|Any CPU.Build.0 = Debug|Any CPU
		{08DFD071-90B7-40C2-A576-E3FD34C6B0FD}.Release|Any CPU.ActiveCfg = Release|Any CPU
		{08DFD071-90B7-40C2-A576-E3FD34C6B0FD}.Release|Any CPU.Build.0 = Release|Any CPU
		{EB31A157-778A-439B-A04B-A8A54FDCB0A6}.Debug|Any CPU.ActiveCfg = Debug|Any CPU
		{EB31A157-778A-439B-A04B-A8A54FDCB0A6}.Debug|Any CPU.Build.0 = Debug|Any CPU
		{EB31A157-778A-439B-A04B-A8A54FDCB0A6}.Release|Any CPU.ActiveCfg = Release|Any CPU
		{EB31A157-778A-439B-A04B-A8A54FDCB0A6}.Release|Any CPU.Build.0 = Release|Any CPU
		{0BD74C1E-FE5A-47B4-A356-9484DBAC2D8A}.Debug|Any CPU.ActiveCfg = Debug|Any CPU
		{0BD74C1E-FE5A-47B4-A356-9484DBAC2D8A}.Debug|Any CPU.Build.0 = Debug|Any CPU
		{0BD74C1E-FE5A-47B4-A356-9484DBAC2D8A}.Release|Any CPU.ActiveCfg = Release|Any CPU
		{0BD74C1E-FE5A-47B4-A356-9484DBAC2D8A}.Release|Any CPU.Build.0 = Release|Any CPU
		{09E8BD3E-610E-48C2-87FD-1D91BE860D24}.Debug|Any CPU.ActiveCfg = Debug|Any CPU
		{09E8BD3E-610E-48C2-87FD-1D91BE860D24}.Debug|Any CPU.Build.0 = Debug|Any CPU
		{09E8BD3E-610E-48C2-87FD-1D91BE860D24}.Release|Any CPU.ActiveCfg = Release|Any CPU
		{09E8BD3E-610E-48C2-87FD-1D91BE860D24}.Release|Any CPU.Build.0 = Release|Any CPU
	EndGlobalSection
	GlobalSection(NestedProjects) = preSolution
		{0E7C4D8F-F48E-41D5-843E-694517B89B3D} = {136E0164-2163-4D41-BFDB-4462D6ED02C0}
		{0BD74C1E-FE5A-47B4-A356-9484DBAC2D8A} = {136E0164-2163-4D41-BFDB-4462D6ED02C0}
		{09E8BD3E-610E-48C2-87FD-1D91BE860D24} = {136E0164-2163-4D41-BFDB-4462D6ED02C0}
	EndGlobalSection
EndGlobal
